
Microsoft Visual Studio Solution File, Format Version 12.00
# Visual Studio 15
VisualStudioVersion = 15.0.28307.438
MinimumVisualStudioVersion = 10.0.40219.1
Project("{F2A71F9B-5D33-465A-A702-920D77279786}") = "Tic Tac Toe", "Tic Tac Toe\Tic Tac Toe.fsproj", "{EF5F0A30-A2A5-4E39-9ADF-0DF34774EB02}"
EndProject
Project("{2150E333-8FDC-42A3-9474-1A3956D46DE8}") = "Solution Items", "Solution Items", "{169E8341-C651-40E3-9A41-325B8C324F20}"
EndProject
Global
	GlobalSection(SolutionConfigurationPlatforms) = preSolution
		Debug|Any CPU = Debug|Any CPU
		Release|Any CPU = Release|Any CPU
	EndGlobalSection
	GlobalSection(ProjectConfigurationPlatforms) = postSolution
		{EF5F0A30-A2A5-4E39-9ADF-0DF34774EB02}.Debug|Any CPU.ActiveCfg = Debug|Any CPU
		{EF5F0A30-A2A5-4E39-9ADF-0DF34774EB02}.Debug|Any CPU.Build.0 = Debug|Any CPU
		{EF5F0A30-A2A5-4E39-9ADF-0DF34774EB02}.Release|Any CPU.ActiveCfg = Release|Any CPU
		{EF5F0A30-A2A5-4E39-9ADF-0DF34774EB02}.Release|Any CPU.Build.0 = Release|Any CPU
	EndGlobalSection
	GlobalSection(SolutionProperties) = preSolution
		HideSolutionNode = FALSE
	EndGlobalSection
	GlobalSection(ExtensibilityGlobals) = postSolution
		SolutionGuid = {C9FFAF72-2FE4-46AF-AD05-A8E02DB76E87}
	EndGlobalSection
EndGlobal
